
Microsoft Visual Studio Solution File, Format Version 12.00
# Visual Studio Version 16
VisualStudioVersion = 16.0.30804.86
MinimumVisualStudioVersion = 10.0.40219.1
Project("{FAE04EC0-301F-11D3-BF4B-00C04F79EFBC}") = "PresentationLayer", "PresentationLayer\PresentationLayer.csproj", "{2FF35D8D-FC00-448E-8B98-F5CBCF48BA15}"
EndProject
Project("{FAE04EC0-301F-11D3-BF4B-00C04F79EFBC}") = "DataLayer", "DataLayer\DataLayer.csproj", "{456A5BF0-D253-4766-BD9B-F1115963E90F}"
EndProject
Project("{FAE04EC0-301F-11D3-BF4B-00C04F79EFBC}") = "BusinessLayer", "BusinessLayer\BusinessLayer.csproj", "{98B437CD-C1DF-4FD8-9BF0-E2BB6834DFE6}"
EndProject
Project("{FAE04EC0-301F-11D3-BF4B-00C04F79EFBC}") = "Shared", "Shared\Shared.csproj", "{EC4161C2-C5EF-4346-AC20-C37964A96386}"
EndProject
Project("{2150E333-8FDC-42A3-9474-1A3956D46DE8}") = "Tests", "Tests", "{80635918-474E-4A90-8CF5-E2ADCC1FC167}"
EndProject
Project("{FAE04EC0-301F-11D3-BF4B-00C04F79EFBC}") = "BusinessLayerTests", "BusinessLayerTests\BusinessLayerTests.csproj", "{8EE77D6F-0D64-4B4E-9652-3C75BFB233D3}"
EndProject
Project("{FAE04EC0-301F-11D3-BF4B-00C04F79EFBC}") = "PresentationLayerTests", "PresentationLayerTests\PresentationLayerTests.csproj", "{3A5018EC-BA60-4124-A327-516F752E72BD}"
EndProject
Global
	GlobalSection(SolutionConfigurationPlatforms) = preSolution
		Debug|Any CPU = Debug|Any CPU
		Release|Any CPU = Release|Any CPU
	EndGlobalSection
	GlobalSection(ProjectConfigurationPlatforms) = postSolution
		{2FF35D8D-FC00-448E-8B98-F5CBCF48BA15}.Debug|Any CPU.ActiveCfg = Debug|Any CPU
		{2FF35D8D-FC00-448E-8B98-F5CBCF48BA15}.Debug|Any CPU.Build.0 = Debug|Any CPU
		{2FF35D8D-FC00-448E-8B98-F5CBCF48BA15}.Release|Any CPU.ActiveCfg = Release|Any CPU
		{2FF35D8D-FC00-448E-8B98-F5CBCF48BA15}.Release|Any CPU.Build.0 = Release|Any CPU
		{456A5BF0-D253-4766-BD9B-F1115963E90F}.Debug|Any CPU.ActiveCfg = Debug|Any CPU
		{456A5BF0-D253-4766-BD9B-F1115963E90F}.Debug|Any CPU.Build.0 = Debug|Any CPU
		{456A5BF0-D253-4766-BD9B-F1115963E90F}.Release|Any CPU.ActiveCfg = Release|Any CPU
		{456A5BF0-D253-4766-BD9B-F1115963E90F}.Release|Any CPU.Build.0 = Release|Any CPU
		{98B437CD-C1DF-4FD8-9BF0-E2BB6834DFE6}.Debug|Any CPU.ActiveCfg = Debug|Any CPU
		{98B437CD-C1DF-4FD8-9BF0-E2BB6834DFE6}.Debug|Any CPU.Build.0 = Debug|Any CPU
		{98B437CD-C1DF-4FD8-9BF0-E2BB6834DFE6}.Release|Any CPU.ActiveCfg = Release|Any CPU
		{98B437CD-C1DF-4FD8-9BF0-E2BB6834DFE6}.Release|Any CPU.Build.0 = Release|Any CPU
		{EC4161C2-C5EF-4346-AC20-C37964A96386}.Debug|Any CPU.ActiveCfg = Debug|Any CPU
		{EC4161C2-C5EF-4346-AC20-C37964A96386}.Debug|Any CPU.Build.0 = Debug|Any CPU
		{EC4161C2-C5EF-4346-AC20-C37964A96386}.Release|Any CPU.ActiveCfg = Release|Any CPU
		{EC4161C2-C5EF-4346-AC20-C37964A96386}.Release|Any CPU.Build.0 = Release|Any CPU
		{8EE77D6F-0D64-4B4E-9652-3C75BFB233D3}.Debug|Any CPU.ActiveCfg = Debug|Any CPU
		{8EE77D6F-0D64-4B4E-9652-3C75BFB233D3}.Debug|Any CPU.Build.0 = Debug|Any CPU
		{8EE77D6F-0D64-4B4E-9652-3C75BFB233D3}.Release|Any CPU.ActiveCfg = Release|Any CPU
		{8EE77D6F-0D64-4B4E-9652-3C75BFB233D3}.Release|Any CPU.Build.0 = Release|Any CPU
		{3A5018EC-BA60-4124-A327-516F752E72BD}.Debug|Any CPU.ActiveCfg = Debug|Any CPU
		{3A5018EC-BA60-4124-A327-516F752E72BD}.Debug|Any CPU.Build.0 = Debug|Any CPU
		{3A5018EC-BA60-4124-A327-516F752E72BD}.Release|Any CPU.ActiveCfg = Release|Any CPU
		{3A5018EC-BA60-4124-A327-516F752E72BD}.Release|Any CPU.Build.0 = Release|Any CPU
	EndGlobalSection
	GlobalSection(SolutionProperties) = preSolution
		HideSolutionNode = FALSE
	EndGlobalSection
	GlobalSection(NestedProjects) = preSolution
		{8EE77D6F-0D64-4B4E-9652-3C75BFB233D3} = {80635918-474E-4A90-8CF5-E2ADCC1FC167}
		{3A5018EC-BA60-4124-A327-516F752E72BD} = {80635918-474E-4A90-8CF5-E2ADCC1FC167}
	EndGlobalSection
	GlobalSection(ExtensibilityGlobals) = postSolution
		SolutionGuid = {BE5F1F46-3DB9-4BFF-9DC5-22711EAB045A}
	EndGlobalSection
EndGlobal
